// !$*UTF8*$!
{
	archiveVersion = 1;
	classes = {
	};
	objectVersion = 55;
	objects = {

/* Begin PBXBuildFile section */
		530CE3DEB7F0DE3BC050251A /* Pods_weather_app.framework in Frameworks */ = {isa = PBXBuildFile; fileRef = 343676C98BD4E46D6B879EA8 /* Pods_weather_app.framework */; };
		CE7127542860B6CA003FA2AB /* AppDelegate.swift in Sources */ = {isa = PBXBuildFile; fileRef = CE7127532860B6CA003FA2AB /* AppDelegate.swift */; };
		CE7127562860B6CA003FA2AB /* SceneDelegate.swift in Sources */ = {isa = PBXBuildFile; fileRef = CE7127552860B6CA003FA2AB /* SceneDelegate.swift */; };
		CE7127582860B6CA003FA2AB /* SearchViewController.swift in Sources */ = {isa = PBXBuildFile; fileRef = CE7127572860B6CA003FA2AB /* SearchViewController.swift */; };
		CE71275B2860B6CA003FA2AB /* Main.storyboard in Resources */ = {isa = PBXBuildFile; fileRef = CE7127592860B6CA003FA2AB /* Main.storyboard */; };
		CE71275E2860B6CA003FA2AB /* weather_app.xcdatamodeld in Sources */ = {isa = PBXBuildFile; fileRef = CE71275C2860B6CA003FA2AB /* weather_app.xcdatamodeld */; };
		CE7127602860B6CB003FA2AB /* Assets.xcassets in Resources */ = {isa = PBXBuildFile; fileRef = CE71275F2860B6CB003FA2AB /* Assets.xcassets */; };
		CE7127632860B6CB003FA2AB /* LaunchScreen.storyboard in Resources */ = {isa = PBXBuildFile; fileRef = CE7127612860B6CB003FA2AB /* LaunchScreen.storyboard */; };
		CE71276D2860BB80003FA2AB /* WeatherTableViewCell.swift in Sources */ = {isa = PBXBuildFile; fileRef = CE71276B2860BB80003FA2AB /* WeatherTableViewCell.swift */; };
		CE71276E2860BB80003FA2AB /* WeatherTableViewCell.xib in Resources */ = {isa = PBXBuildFile; fileRef = CE71276C2860BB80003FA2AB /* WeatherTableViewCell.xib */; };
		CE7127712860C216003FA2AB /* HistoryTableViewCell.swift in Sources */ = {isa = PBXBuildFile; fileRef = CE71276F2860C216003FA2AB /* HistoryTableViewCell.swift */; };
		CE7127722860C216003FA2AB /* HistoryTableViewCell.xib in Resources */ = {isa = PBXBuildFile; fileRef = CE7127702860C216003FA2AB /* HistoryTableViewCell.xib */; };
		CE7127742860E751003FA2AB /* HistoryViewController.swift in Sources */ = {isa = PBXBuildFile; fileRef = CE7127732860E751003FA2AB /* HistoryViewController.swift */; };
		CE7127762860E765003FA2AB /* DetailViewController.swift in Sources */ = {isa = PBXBuildFile; fileRef = CE7127752860E765003FA2AB /* DetailViewController.swift */; };
		CEBCCFAB286561C5009E4B59 /* FindWeather.swift in Sources */ = {isa = PBXBuildFile; fileRef = CEBCCFAA286561C5009E4B59 /* FindWeather.swift */; };
		CEBCCFAE28656286009E4B59 /* NetworkManager.swift in Sources */ = {isa = PBXBuildFile; fileRef = CEBCCFAD28656286009E4B59 /* NetworkManager.swift */; };
		CEBCCFB028656346009E4B59 /* FindWeatherNetworkManager.swift in Sources */ = {isa = PBXBuildFile; fileRef = CEBCCFAF28656346009E4B59 /* FindWeatherNetworkManager.swift */; };
		CEBCCFB228656A0F009E4B59 /* ImageManager.swift in Sources */ = {isa = PBXBuildFile; fileRef = CEBCCFB128656A0F009E4B59 /* ImageManager.swift */; };
		CEBCCFB42865744F009E4B59 /* CoreDataManager.swift in Sources */ = {isa = PBXBuildFile; fileRef = CEBCCFB32865744F009E4B59 /* CoreDataManager.swift */; };
		CEBCCFB82865773C009E4B59 /* History+CoreDataClass.swift in Sources */ = {isa = PBXBuildFile; fileRef = CEBCCFB62865773C009E4B59 /* History+CoreDataClass.swift */; };
		CEBCCFB92865773C009E4B59 /* History+CoreDataProperties.swift in Sources */ = {isa = PBXBuildFile; fileRef = CEBCCFB72865773C009E4B59 /* History+CoreDataProperties.swift */; };
/* End PBXBuildFile section */

/* Begin PBXFileReference section */
		343676C98BD4E46D6B879EA8 /* Pods_weather_app.framework */ = {isa = PBXFileReference; explicitFileType = wrapper.framework; includeInIndex = 0; path = Pods_weather_app.framework; sourceTree = BUILT_PRODUCTS_DIR; };
		6AB659A1543A2EE1D972A194 /* Pods-weather-app.release.xcconfig */ = {isa = PBXFileReference; includeInIndex = 1; lastKnownFileType = text.xcconfig; name = "Pods-weather-app.release.xcconfig"; path = "Target Support Files/Pods-weather-app/Pods-weather-app.release.xcconfig"; sourceTree = "<group>"; };
		C0599920C84643D8DA955DF7 /* Pods-weather-app.debug.xcconfig */ = {isa = PBXFileReference; includeInIndex = 1; lastKnownFileType = text.xcconfig; name = "Pods-weather-app.debug.xcconfig"; path = "Target Support Files/Pods-weather-app/Pods-weather-app.debug.xcconfig"; sourceTree = "<group>"; };
		CE7127502860B6CA003FA2AB /* weather-app.app */ = {isa = PBXFileReference; explicitFileType = wrapper.application; includeInIndex = 0; path = "weather-app.app"; sourceTree = BUILT_PRODUCTS_DIR; };
		CE7127532860B6CA003FA2AB /* AppDelegate.swift */ = {isa = PBXFileReference; lastKnownFileType = sourcecode.swift; path = AppDelegate.swift; sourceTree = "<group>"; };
		CE7127552860B6CA003FA2AB /* SceneDelegate.swift */ = {isa = PBXFileReference; lastKnownFileType = sourcecode.swift; path = SceneDelegate.swift; sourceTree = "<group>"; };
		CE7127572860B6CA003FA2AB /* SearchViewController.swift */ = {isa = PBXFileReference; lastKnownFileType = sourcecode.swift; path = SearchViewController.swift; sourceTree = "<group>"; };
		CE71275A2860B6CA003FA2AB /* Base */ = {isa = PBXFileReference; lastKnownFileType = file.storyboard; name = Base; path = Base.lproj/Main.storyboard; sourceTree = "<group>"; };
		CE71275D2860B6CA003FA2AB /* weather_app.xcdatamodel */ = {isa = PBXFileReference; lastKnownFileType = wrapper.xcdatamodel; path = weather_app.xcdatamodel; sourceTree = "<group>"; };
		CE71275F2860B6CB003FA2AB /* Assets.xcassets */ = {isa = PBXFileReference; lastKnownFileType = folder.assetcatalog; path = Assets.xcassets; sourceTree = "<group>"; };
		CE7127622860B6CB003FA2AB /* Base */ = {isa = PBXFileReference; lastKnownFileType = file.storyboard; name = Base; path = Base.lproj/LaunchScreen.storyboard; sourceTree = "<group>"; };
		CE7127642860B6CB003FA2AB /* Info.plist */ = {isa = PBXFileReference; lastKnownFileType = text.plist.xml; path = Info.plist; sourceTree = "<group>"; };
		CE71276B2860BB80003FA2AB /* WeatherTableViewCell.swift */ = {isa = PBXFileReference; lastKnownFileType = sourcecode.swift; path = WeatherTableViewCell.swift; sourceTree = "<group>"; };
		CE71276C2860BB80003FA2AB /* WeatherTableViewCell.xib */ = {isa = PBXFileReference; lastKnownFileType = file.xib; path = WeatherTableViewCell.xib; sourceTree = "<group>"; };
		CE71276F2860C216003FA2AB /* HistoryTableViewCell.swift */ = {isa = PBXFileReference; lastKnownFileType = sourcecode.swift; path = HistoryTableViewCell.swift; sourceTree = "<group>"; };
		CE7127702860C216003FA2AB /* HistoryTableViewCell.xib */ = {isa = PBXFileReference; lastKnownFileType = file.xib; path = HistoryTableViewCell.xib; sourceTree = "<group>"; };
		CE7127732860E751003FA2AB /* HistoryViewController.swift */ = {isa = PBXFileReference; lastKnownFileType = sourcecode.swift; path = HistoryViewController.swift; sourceTree = "<group>"; };
		CE7127752860E765003FA2AB /* DetailViewController.swift */ = {isa = PBXFileReference; lastKnownFileType = sourcecode.swift; path = DetailViewController.swift; sourceTree = "<group>"; };
		CEBCCFAA286561C5009E4B59 /* FindWeather.swift */ = {isa = PBXFileReference; lastKnownFileType = sourcecode.swift; path = FindWeather.swift; sourceTree = "<group>"; };
		CEBCCFAD28656286009E4B59 /* NetworkManager.swift */ = {isa = PBXFileReference; lastKnownFileType = sourcecode.swift; path = NetworkManager.swift; sourceTree = "<group>"; };
		CEBCCFAF28656346009E4B59 /* FindWeatherNetworkManager.swift */ = {isa = PBXFileReference; lastKnownFileType = sourcecode.swift; path = FindWeatherNetworkManager.swift; sourceTree = "<group>"; };
		CEBCCFB128656A0F009E4B59 /* ImageManager.swift */ = {isa = PBXFileReference; lastKnownFileType = sourcecode.swift; path = ImageManager.swift; sourceTree = "<group>"; };
		CEBCCFB32865744F009E4B59 /* CoreDataManager.swift */ = {isa = PBXFileReference; lastKnownFileType = sourcecode.swift; path = CoreDataManager.swift; sourceTree = "<group>"; };
		CEBCCFB62865773C009E4B59 /* History+CoreDataClass.swift */ = {isa = PBXFileReference; lastKnownFileType = sourcecode.swift; path = "History+CoreDataClass.swift"; sourceTree = "<group>"; };
		CEBCCFB72865773C009E4B59 /* History+CoreDataProperties.swift */ = {isa = PBXFileReference; lastKnownFileType = sourcecode.swift; path = "History+CoreDataProperties.swift"; sourceTree = "<group>"; };
/* End PBXFileReference section */

/* Begin PBXFrameworksBuildPhase section */
		CE71274D2860B6CA003FA2AB /* Frameworks */ = {
			isa = PBXFrameworksBuildPhase;
			buildActionMask = 2147483647;
			files = (
				530CE3DEB7F0DE3BC050251A /* Pods_weather_app.framework in Frameworks */,
			);
			runOnlyForDeploymentPostprocessing = 0;
		};
/* End PBXFrameworksBuildPhase section */

/* Begin PBXGroup section */
		2C699D8B5077581E09A25848 /* Pods */ = {
			isa = PBXGroup;
			children = (
				C0599920C84643D8DA955DF7 /* Pods-weather-app.debug.xcconfig */,
				6AB659A1543A2EE1D972A194 /* Pods-weather-app.release.xcconfig */,
			);
			path = Pods;
			sourceTree = "<group>";
		};
		52A4028BE0ADA231AD7640C0 /* Frameworks */ = {
			isa = PBXGroup;
			children = (
				343676C98BD4E46D6B879EA8 /* Pods_weather_app.framework */,
			);
			name = Frameworks;
			sourceTree = "<group>";
		};
		CE7127472860B6CA003FA2AB = {
			isa = PBXGroup;
			children = (
				CE7127522860B6CA003FA2AB /* weather-app */,
				CE7127512860B6CA003FA2AB /* Products */,
				2C699D8B5077581E09A25848 /* Pods */,
				52A4028BE0ADA231AD7640C0 /* Frameworks */,
			);
			sourceTree = "<group>";
		};
		CE7127512860B6CA003FA2AB /* Products */ = {
			isa = PBXGroup;
			children = (
				CE7127502860B6CA003FA2AB /* weather-app.app */,
			);
			name = Products;
			sourceTree = "<group>";
		};
		CE7127522860B6CA003FA2AB /* weather-app */ = {
			isa = PBXGroup;
			children = (
				CEBCCFAC28656259009E4B59 /* managers */,
				CEBCCFA9286561B9009E4B59 /* models */,
				CE71276A2860BB09003FA2AB /* cells */,
				CE7127532860B6CA003FA2AB /* AppDelegate.swift */,
				CE7127552860B6CA003FA2AB /* SceneDelegate.swift */,
				CE7127732860E751003FA2AB /* HistoryViewController.swift */,
				CE7127752860E765003FA2AB /* DetailViewController.swift */,
				CE7127572860B6CA003FA2AB /* SearchViewController.swift */,
				CE7127592860B6CA003FA2AB /* Main.storyboard */,
				CE71275F2860B6CB003FA2AB /* Assets.xcassets */,
				CE7127612860B6CB003FA2AB /* LaunchScreen.storyboard */,
				CE7127642860B6CB003FA2AB /* Info.plist */,
				CE71275C2860B6CA003FA2AB /* weather_app.xcdatamodeld */,
			);
			path = "weather-app";
			sourceTree = "<group>";
		};
		CE71276A2860BB09003FA2AB /* cells */ = {
			isa = PBXGroup;
			children = (
				CE71276B2860BB80003FA2AB /* WeatherTableViewCell.swift */,
				CE71276C2860BB80003FA2AB /* WeatherTableViewCell.xib */,
				CE71276F2860C216003FA2AB /* HistoryTableViewCell.swift */,
				CE7127702860C216003FA2AB /* HistoryTableViewCell.xib */,
			);
			path = cells;
			sourceTree = "<group>";
		};
		CEBCCFA9286561B9009E4B59 /* models */ = {
			isa = PBXGroup;
			children = (
				CEBCCFB62865773C009E4B59 /* History+CoreDataClass.swift */,
				CEBCCFB72865773C009E4B59 /* History+CoreDataProperties.swift */,
				CEBCCFAA286561C5009E4B59 /* FindWeather.swift */,
			);
			path = models;
			sourceTree = "<group>";
		};
		CEBCCFAC28656259009E4B59 /* managers */ = {
			isa = PBXGroup;
			children = (
				CEBCCFAD28656286009E4B59 /* NetworkManager.swift */,
				CEBCCFAF28656346009E4B59 /* FindWeatherNetworkManager.swift */,
				CEBCCFB128656A0F009E4B59 /* ImageManager.swift */,
				CEBCCFB32865744F009E4B59 /* CoreDataManager.swift */,
			);
			path = managers;
			sourceTree = "<group>";
		};
/* End PBXGroup section */

/* Begin PBXNativeTarget section */
		CE71274F2860B6CA003FA2AB /* weather-app */ = {
			isa = PBXNativeTarget;
			buildConfigurationList = CE7127672860B6CB003FA2AB /* Build configuration list for PBXNativeTarget "weather-app" */;
			buildPhases = (
				19C061DD95091F662A219CCF /* [CP] Check Pods Manifest.lock */,
				CE71274C2860B6CA003FA2AB /* Sources */,
				CE71274D2860B6CA003FA2AB /* Frameworks */,
				CE71274E2860B6CA003FA2AB /* Resources */,
				E9B93ACAA7FED7104DA1BE5B /* [CP] Embed Pods Frameworks */,
			);
			buildRules = (
			);
			dependencies = (
			);
			name = "weather-app";
			productName = "weather-app";
			productReference = CE7127502860B6CA003FA2AB /* weather-app.app */;
			productType = "com.apple.product-type.application";
		};
/* End PBXNativeTarget section */

/* Begin PBXProject section */
		CE7127482860B6CA003FA2AB /* Project object */ = {
			isa = PBXProject;
			attributes = {
				BuildIndependentTargetsInParallel = 1;
				LastSwiftUpdateCheck = 1340;
				LastUpgradeCheck = 1340;
				TargetAttributes = {
					CE71274F2860B6CA003FA2AB = {
						CreatedOnToolsVersion = 13.4;
					};
				};
			};
			buildConfigurationList = CE71274B2860B6CA003FA2AB /* Build configuration list for PBXProject "weather-app" */;
			compatibilityVersion = "Xcode 13.0";
			developmentRegion = en;
			hasScannedForEncodings = 0;
			knownRegions = (
				en,
				Base,
			);
			mainGroup = CE7127472860B6CA003FA2AB;
			productRefGroup = CE7127512860B6CA003FA2AB /* Products */;
			projectDirPath = "";
			projectRoot = "";
			targets = (
				CE71274F2860B6CA003FA2AB /* weather-app */,
			);
		};
/* End PBXProject section */

/* Begin PBXResourcesBuildPhase section */
		CE71274E2860B6CA003FA2AB /* Resources */ = {
			isa = PBXResourcesBuildPhase;
			buildActionMask = 2147483647;
			files = (
				CE71276E2860BB80003FA2AB /* WeatherTableViewCell.xib in Resources */,
				CE7127722860C216003FA2AB /* HistoryTableViewCell.xib in Resources */,
				CE7127632860B6CB003FA2AB /* LaunchScreen.storyboard in Resources */,
				CE7127602860B6CB003FA2AB /* Assets.xcassets in Resources */,
				CE71275B2860B6CA003FA2AB /* Main.storyboard in Resources */,
			);
			runOnlyForDeploymentPostprocessing = 0;
		};
/* End PBXResourcesBuildPhase section */

/* Begin PBXShellScriptBuildPhase section */
		19C061DD95091F662A219CCF /* [CP] Check Pods Manifest.lock */ = {
			isa = PBXShellScriptBuildPhase;
			buildActionMask = 2147483647;
			files = (
			);
			inputFileListPaths = (
			);
			inputPaths = (
				"${PODS_PODFILE_DIR_PATH}/Podfile.lock",
				"${PODS_ROOT}/Manifest.lock",
			);
			name = "[CP] Check Pods Manifest.lock";
			outputFileListPaths = (
			);
			outputPaths = (
				"$(DERIVED_FILE_DIR)/Pods-weather-app-checkManifestLockResult.txt",
			);
			runOnlyForDeploymentPostprocessing = 0;
			shellPath = /bin/sh;
			shellScript = "diff \"${PODS_PODFILE_DIR_PATH}/Podfile.lock\" \"${PODS_ROOT}/Manifest.lock\" > /dev/null\nif [ $? != 0 ] ; then\n    # print error to STDERR\n    echo \"error: The sandbox is not in sync with the Podfile.lock. Run 'pod install' or update your CocoaPods installation.\" >&2\n    exit 1\nfi\n# This output is used by Xcode 'outputs' to avoid re-running this script phase.\necho \"SUCCESS\" > \"${SCRIPT_OUTPUT_FILE_0}\"\n";
			showEnvVarsInLog = 0;
		};
		E9B93ACAA7FED7104DA1BE5B /* [CP] Embed Pods Frameworks */ = {
			isa = PBXShellScriptBuildPhase;
			buildActionMask = 2147483647;
			files = (
			);
			inputFileListPaths = (
				"${PODS_ROOT}/Target Support Files/Pods-weather-app/Pods-weather-app-frameworks-${CONFIGURATION}-input-files.xcfilelist",
			);
			name = "[CP] Embed Pods Frameworks";
			outputFileListPaths = (
				"${PODS_ROOT}/Target Support Files/Pods-weather-app/Pods-weather-app-frameworks-${CONFIGURATION}-output-files.xcfilelist",
			);
			runOnlyForDeploymentPostprocessing = 0;
			shellPath = /bin/sh;
			shellScript = "\"${PODS_ROOT}/Target Support Files/Pods-weather-app/Pods-weather-app-frameworks.sh\"\n";
			showEnvVarsInLog = 0;
		};
/* End PBXShellScriptBuildPhase section */

/* Begin PBXSourcesBuildPhase section */
		CE71274C2860B6CA003FA2AB /* Sources */ = {
			isa = PBXSourcesBuildPhase;
			buildActionMask = 2147483647;
			files = (
				CE7127712860C216003FA2AB /* HistoryTableViewCell.swift in Sources */,
				CE71276D2860BB80003FA2AB /* WeatherTableViewCell.swift in Sources */,
				CEBCCFAE28656286009E4B59 /* NetworkManager.swift in Sources */,
				CEBCCFB228656A0F009E4B59 /* ImageManager.swift in Sources */,
				CEBCCFB028656346009E4B59 /* FindWeatherNetworkManager.swift in Sources */,
				CE71275E2860B6CA003FA2AB /* weather_app.xcdatamodeld in Sources */,
				CE7127582860B6CA003FA2AB /* SearchViewController.swift in Sources */,
				CEBCCFB42865744F009E4B59 /* CoreDataManager.swift in Sources */,
				CE7127542860B6CA003FA2AB /* AppDelegate.swift in Sources */,
				CE7127742860E751003FA2AB /* HistoryViewController.swift in Sources */,
				CEBCCFB82865773C009E4B59 /* History+CoreDataClass.swift in Sources */,
				CE7127562860B6CA003FA2AB /* SceneDelegate.swift in Sources */,
				CEBCCFAB286561C5009E4B59 /* FindWeather.swift in Sources */,
				CE7127762860E765003FA2AB /* DetailViewController.swift in Sources */,
				CEBCCFB92865773C009E4B59 /* History+CoreDataProperties.swift in Sources */,
			);
			runOnlyForDeploymentPostprocessing = 0;
		};
/* End PBXSourcesBuildPhase section */

/* Begin PBXVariantGroup section */
		CE7127592860B6CA003FA2AB /* Main.storyboard */ = {
			isa = PBXVariantGroup;
			children = (
				CE71275A2860B6CA003FA2AB /* Base */,
			);
			name = Main.storyboard;
			sourceTree = "<group>";
		};
		CE7127612860B6CB003FA2AB /* LaunchScreen.storyboard */ = {
			isa = PBXVariantGroup;
			children = (
				CE7127622860B6CB003FA2AB /* Base */,
			);
			name = LaunchScreen.storyboard;
			sourceTree = "<group>";
		};
/* End PBXVariantGroup section */

/* Begin XCBuildConfiguration section */
		CE7127652860B6CB003FA2AB /* Debug */ = {
			isa = XCBuildConfiguration;
			buildSettings = {
				ALWAYS_SEARCH_USER_PATHS = NO;
				CLANG_ANALYZER_NONNULL = YES;
				CLANG_ANALYZER_NUMBER_OBJECT_CONVERSION = YES_AGGRESSIVE;
				CLANG_CXX_LANGUAGE_STANDARD = "gnu++17";
				CLANG_ENABLE_MODULES = YES;
				CLANG_ENABLE_OBJC_ARC = YES;
				CLANG_ENABLE_OBJC_WEAK = YES;
				CLANG_WARN_BLOCK_CAPTURE_AUTORELEASING = YES;
				CLANG_WARN_BOOL_CONVERSION = YES;
				CLANG_WARN_COMMA = YES;
				CLANG_WARN_CONSTANT_CONVERSION = YES;
				CLANG_WARN_DEPRECATED_OBJC_IMPLEMENTATIONS = YES;
				CLANG_WARN_DIRECT_OBJC_ISA_USAGE = YES_ERROR;
				CLANG_WARN_DOCUMENTATION_COMMENTS = YES;
				CLANG_WARN_EMPTY_BODY = YES;
				CLANG_WARN_ENUM_CONVERSION = YES;
				CLANG_WARN_INFINITE_RECURSION = YES;
				CLANG_WARN_INT_CONVERSION = YES;
				CLANG_WARN_NON_LITERAL_NULL_CONVERSION = YES;
				CLANG_WARN_OBJC_IMPLICIT_RETAIN_SELF = YES;
				CLANG_WARN_OBJC_LITERAL_CONVERSION = YES;
				CLANG_WARN_OBJC_ROOT_CLASS = YES_ERROR;
				CLANG_WARN_QUOTED_INCLUDE_IN_FRAMEWORK_HEADER = YES;
				CLANG_WARN_RANGE_LOOP_ANALYSIS = YES;
				CLANG_WARN_STRICT_PROTOTYPES = YES;
				CLANG_WARN_SUSPICIOUS_MOVE = YES;
				CLANG_WARN_UNGUARDED_AVAILABILITY = YES_AGGRESSIVE;
				CLANG_WARN_UNREACHABLE_CODE = YES;
				CLANG_WARN__DUPLICATE_METHOD_MATCH = YES;
				COPY_PHASE_STRIP = NO;
				DEBUG_INFORMATION_FORMAT = dwarf;
				ENABLE_STRICT_OBJC_MSGSEND = YES;
				ENABLE_TESTABILITY = YES;
				GCC_C_LANGUAGE_STANDARD = gnu11;
				GCC_DYNAMIC_NO_PIC = NO;
				GCC_NO_COMMON_BLOCKS = YES;
				GCC_OPTIMIZATION_LEVEL = 0;
				GCC_PREPROCESSOR_DEFINITIONS = (
					"DEBUG=1",
					"$(inherited)",
				);
				GCC_WARN_64_TO_32_BIT_CONVERSION = YES;
				GCC_WARN_ABOUT_RETURN_TYPE = YES_ERROR;
				GCC_WARN_UNDECLARED_SELECTOR = YES;
				GCC_WARN_UNINITIALIZED_AUTOS = YES_AGGRESSIVE;
				GCC_WARN_UNUSED_FUNCTION = YES;
				GCC_WARN_UNUSED_VARIABLE = YES;
				IPHONEOS_DEPLOYMENT_TARGET = 15.5;
				MTL_ENABLE_DEBUG_INFO = INCLUDE_SOURCE;
				MTL_FAST_MATH = YES;
				ONLY_ACTIVE_ARCH = YES;
				SDKROOT = iphoneos;
				SWIFT_ACTIVE_COMPILATION_CONDITIONS = DEBUG;
				SWIFT_OPTIMIZATION_LEVEL = "-Onone";
			};
			name = Debug;
		};
		CE7127662860B6CB003FA2AB /* Release */ = {
			isa = XCBuildConfiguration;
			buildSettings = {
				ALWAYS_SEARCH_USER_PATHS = NO;
				CLANG_ANALYZER_NONNULL = YES;
				CLANG_ANALYZER_NUMBER_OBJECT_CONVERSION = YES_AGGRESSIVE;
				CLANG_CXX_LANGUAGE_STANDARD = "gnu++17";
				CLANG_ENABLE_MODULES = YES;
				CLANG_ENABLE_OBJC_ARC = YES;
				CLANG_ENABLE_OBJC_WEAK = YES;
				CLANG_WARN_BLOCK_CAPTURE_AUTORELEASING = YES;
				CLANG_WARN_BOOL_CONVERSION = YES;
				CLANG_WARN_COMMA = YES;
				CLANG_WARN_CONSTANT_CONVERSION = YES;
				CLANG_WARN_DEPRECATED_OBJC_IMPLEMENTATIONS = YES;
				CLANG_WARN_DIRECT_OBJC_ISA_USAGE = YES_ERROR;
				CLANG_WARN_DOCUMENTATION_COMMENTS = YES;
				CLANG_WARN_EMPTY_BODY = YES;
				CLANG_WARN_ENUM_CONVERSION = YES;
				CLANG_WARN_INFINITE_RECURSION = YES;
				CLANG_WARN_INT_CONVERSION = YES;
				CLANG_WARN_NON_LITERAL_NULL_CONVERSION = YES;
				CLANG_WARN_OBJC_IMPLICIT_RETAIN_SELF = YES;
				CLANG_WARN_OBJC_LITERAL_CONVERSION = YES;
				CLANG_WARN_OBJC_ROOT_CLASS = YES_ERROR;
				CLANG_WARN_QUOTED_INCLUDE_IN_FRAMEWORK_HEADER = YES;
				CLANG_WARN_RANGE_LOOP_ANALYSIS = YES;
				CLANG_WARN_STRICT_PROTOTYPES = YES;
				CLANG_WARN_SUSPICIOUS_MOVE = YES;
				CLANG_WARN_UNGUARDED_AVAILABILITY = YES_AGGRESSIVE;
				CLANG_WARN_UNREACHABLE_CODE = YES;
				CLANG_WARN__DUPLICATE_METHOD_MATCH = YES;
				COPY_PHASE_STRIP = NO;
				DEBUG_INFORMATION_FORMAT = "dwarf-with-dsym";
				ENABLE_NS_ASSERTIONS = NO;
				ENABLE_STRICT_OBJC_MSGSEND = YES;
				GCC_C_LANGUAGE_STANDARD = gnu11;
				GCC_NO_COMMON_BLOCKS = YES;
				GCC_WARN_64_TO_32_BIT_CONVERSION = YES;
				GCC_WARN_ABOUT_RETURN_TYPE = YES_ERROR;
				GCC_WARN_UNDECLARED_SELECTOR = YES;
				GCC_WARN_UNINITIALIZED_AUTOS = YES_AGGRESSIVE;
				GCC_WARN_UNUSED_FUNCTION = YES;
				GCC_WARN_UNUSED_VARIABLE = YES;
				IPHONEOS_DEPLOYMENT_TARGET = 15.5;
				MTL_ENABLE_DEBUG_INFO = NO;
				MTL_FAST_MATH = YES;
				SDKROOT = iphoneos;
				SWIFT_COMPILATION_MODE = wholemodule;
				SWIFT_OPTIMIZATION_LEVEL = "-O";
				VALIDATE_PRODUCT = YES;
			};
			name = Release;
		};
		CE7127682860B6CB003FA2AB /* Debug */ = {
			isa = XCBuildConfiguration;
			baseConfigurationReference = C0599920C84643D8DA955DF7 /* Pods-weather-app.debug.xcconfig */;
			buildSettings = {
				ASSETCATALOG_COMPILER_APPICON_NAME = AppIcon;
				ASSETCATALOG_COMPILER_GLOBAL_ACCENT_COLOR_NAME = AccentColor;
				CODE_SIGN_STYLE = Automatic;
				CURRENT_PROJECT_VERSION = 1;
				GENERATE_INFOPLIST_FILE = YES;
				INFOPLIST_FILE = "weather-app/Info.plist";
				INFOPLIST_KEY_UIApplicationSupportsIndirectInputEvents = YES;
				INFOPLIST_KEY_UILaunchStoryboardName = LaunchScreen;
				INFOPLIST_KEY_UIMainStoryboardFile = Main;
				INFOPLIST_KEY_UISupportedInterfaceOrientations_iPad = "UIInterfaceOrientationPortrait UIInterfaceOrientationPortraitUpsideDown UIInterfaceOrientationLandscapeLeft UIInterfaceOrientationLandscapeRight";
				INFOPLIST_KEY_UISupportedInterfaceOrientations_iPhone = "UIInterfaceOrientationPortrait UIInterfaceOrientationLandscapeLeft UIInterfaceOrientationLandscapeRight";
				LD_RUNPATH_SEARCH_PATHS = (
					"$(inherited)",
					"@executable_path/Frameworks",
				);
				MARKETING_VERSION = 1.0;
				PRODUCT_BUNDLE_IDENTIFIER = "com.ioan.weather-app";
				PRODUCT_NAME = "$(TARGET_NAME)";
				SWIFT_EMIT_LOC_STRINGS = YES;
				SWIFT_VERSION = 5.0;
				TARGETED_DEVICE_FAMILY = "1,2";
			};
			name = Debug;
		};
		CE7127692860B6CB003FA2AB /* Release */ = {
			isa = XCBuildConfiguration;
			baseConfigurationReference = 6AB659A1543A2EE1D972A194 /* Pods-weather-app.release.xcconfig */;
			buildSettings = {
				ASSETCATALOG_COMPILER_APPICON_NAME = AppIcon;
				ASSETCATALOG_COMPILER_GLOBAL_ACCENT_COLOR_NAME = AccentColor;
				CODE_SIGN_STYLE = Automatic;
				CURRENT_PROJECT_VERSION = 1;
				GENERATE_INFOPLIST_FILE = YES;
				INFOPLIST_FILE = "weather-app/Info.plist";
				INFOPLIST_KEY_UIApplicationSupportsIndirectInputEvents = YES;
				INFOPLIST_KEY_UILaunchStoryboardName = LaunchScreen;
				INFOPLIST_KEY_UIMainStoryboardFile = Main;
				INFOPLIST_KEY_UISupportedInterfaceOrientations_iPad = "UIInterfaceOrientationPortrait UIInterfaceOrientationPortraitUpsideDown UIInterfaceOrientationLandscapeLeft UIInterfaceOrientationLandscapeRight";
				INFOPLIST_KEY_UISupportedInterfaceOrientations_iPhone = "UIInterfaceOrientationPortrait UIInterfaceOrientationLandscapeLeft UIInterfaceOrientationLandscapeRight";
				LD_RUNPATH_SEARCH_PATHS = (
					"$(inherited)",
					"@executable_path/Frameworks",
				);
				MARKETING_VERSION = 1.0;
				PRODUCT_BUNDLE_IDENTIFIER = "com.ioan.weather-app";
				PRODUCT_NAME = "$(TARGET_NAME)";
				SWIFT_EMIT_LOC_STRINGS = YES;
				SWIFT_VERSION = 5.0;
				TARGETED_DEVICE_FAMILY = "1,2";
			};
			name = Release;
		};
/* End XCBuildConfiguration section */

/* Begin XCConfigurationList section */
		CE71274B2860B6CA003FA2AB /* Build configuration list for PBXProject "weather-app" */ = {
			isa = XCConfigurationList;
			buildConfigurations = (
				CE7127652860B6CB003FA2AB /* Debug */,
				CE7127662860B6CB003FA2AB /* Release */,
			);
			defaultConfigurationIsVisible = 0;
			defaultConfigurationName = Release;
		};
		CE7127672860B6CB003FA2AB /* Build configuration list for PBXNativeTarget "weather-app" */ = {
			isa = XCConfigurationList;
			buildConfigurations = (
				CE7127682860B6CB003FA2AB /* Debug */,
				CE7127692860B6CB003FA2AB /* Release */,
			);
			defaultConfigurationIsVisible = 0;
			defaultConfigurationName = Release;
		};
/* End XCConfigurationList section */

/* Begin XCVersionGroup section */
		CE71275C2860B6CA003FA2AB /* weather_app.xcdatamodeld */ = {
			isa = XCVersionGroup;
			children = (
				CE71275D2860B6CA003FA2AB /* weather_app.xcdatamodel */,
			);
			currentVersion = CE71275D2860B6CA003FA2AB /* weather_app.xcdatamodel */;
			path = weather_app.xcdatamodeld;
			sourceTree = "<group>";
			versionGroupType = wrapper.xcdatamodel;
		};
/* End XCVersionGroup section */
	};
	rootObject = CE7127482860B6CA003FA2AB /* Project object */;
}
